// !$*UTF8*$!
{
	archiveVersion = 1;
	classes = {
	};
	objectVersion = 46;
	objects = {

/* Begin PBXBuildFile section */
		26A1034FC46574020FA021BA /* libPods.a in Frameworks */ = {isa = PBXBuildFile; fileRef = 868F9CBD953A3D011E393F4D /* libPods.a */; };
		791354051AE56926003F2523 /* DirectoryManager.swift in Sources */ = {isa = PBXBuildFile; fileRef = 791354041AE56926003F2523 /* DirectoryManager.swift */; };
		79281D651AE7C6B000B4FD34 /* Keys.plist in Resources */ = {isa = PBXBuildFile; fileRef = 79281D641AE7C6B000B4FD34 /* Keys.plist */; };
		79281D671AE7C88500B4FD34 /* Keys.swift in Sources */ = {isa = PBXBuildFile; fileRef = 79281D661AE7C88500B4FD34 /* Keys.swift */; };
		793261BC1AD2F02C00D62313 /* AppDelegate.swift in Sources */ = {isa = PBXBuildFile; fileRef = 793261BB1AD2F02C00D62313 /* AppDelegate.swift */; };
		793261BE1AD2F02D00D62313 /* Images.xcassets in Resources */ = {isa = PBXBuildFile; fileRef = 793261BD1AD2F02D00D62313 /* Images.xcassets */; };
		793261CD1AD2F03000D62313 /* FastCaptureTests.swift in Sources */ = {isa = PBXBuildFile; fileRef = 793261CC1AD2F03000D62313 /* FastCaptureTests.swift */; };
		793261DB1AD2F0C100D62313 /* ScreenCapture.swift in Sources */ = {isa = PBXBuildFile; fileRef = 793261D91AD2F0C100D62313 /* ScreenCapture.swift */; };
		793261DC1AD2F0C100D62313 /* User.swift in Sources */ = {isa = PBXBuildFile; fileRef = 793261DA1AD2F0C100D62313 /* User.swift */; };
		793261EC1AD2F12000D62313 /* UserDefaults.plist in Resources */ = {isa = PBXBuildFile; fileRef = 793261EB1AD2F12000D62313 /* UserDefaults.plist */; };
		7960179F1AF43227001734C6 /* DummyControl.swift in Sources */ = {isa = PBXBuildFile; fileRef = 7960179E1AF43227001734C6 /* DummyControl.swift */; };
		796017A11AF432F4001734C6 /* PanelViewController.swift in Sources */ = {isa = PBXBuildFile; fileRef = 796017A01AF432F4001734C6 /* PanelViewController.swift */; };
		796017A31AF43788001734C6 /* MainMenu.xib in Resources */ = {isa = PBXBuildFile; fileRef = 796017A21AF43788001734C6 /* MainMenu.xib */; };
		796CE46E1B27720000B90A79 /* PanelView.swift in Sources */ = {isa = PBXBuildFile; fileRef = 796CE46D1B27720000B90A79 /* PanelView.swift */; };
		798A35F31B1BD43900D71A86 /* AlbumListViewController.swift in Sources */ = {isa = PBXBuildFile; fileRef = 798A35F21B1BD43900D71A86 /* AlbumListViewController.swift */; };
/* End PBXBuildFile section */

/* Begin PBXContainerItemProxy section */
		793261C71AD2F02E00D62313 /* PBXContainerItemProxy */ = {
			isa = PBXContainerItemProxy;
			containerPortal = 793261AE1AD2F02900D62313 /* Project object */;
			proxyType = 1;
			remoteGlobalIDString = 793261B51AD2F02A00D62313;
			remoteInfo = FastCapture;
		};
		796CE4681B27716900B90A79 /* PBXContainerItemProxy */ = {
			isa = PBXContainerItemProxy;
			containerPortal = 793261AE1AD2F02900D62313 /* Project object */;
			proxyType = 1;
			remoteGlobalIDString = 793261B51AD2F02A00D62313;
			remoteInfo = FastCapture;
		};
/* End PBXContainerItemProxy section */

/* Begin PBXFileReference section */
		791354041AE56926003F2523 /* DirectoryManager.swift */ = {isa = PBXFileReference; fileEncoding = 4; lastKnownFileType = sourcecode.swift; path = DirectoryManager.swift; sourceTree = "<group>"; };
		79281D641AE7C6B000B4FD34 /* Keys.plist */ = {isa = PBXFileReference; fileEncoding = 4; lastKnownFileType = text.plist.xml; path = Keys.plist; sourceTree = "<group>"; };
		79281D661AE7C88500B4FD34 /* Keys.swift */ = {isa = PBXFileReference; fileEncoding = 4; lastKnownFileType = sourcecode.swift; path = Keys.swift; sourceTree = "<group>"; };
		793261B61AD2F02A00D62313 /* FastCapture.app */ = {isa = PBXFileReference; explicitFileType = wrapper.application; includeInIndex = 0; path = FastCapture.app; sourceTree = BUILT_PRODUCTS_DIR; };
		793261BA1AD2F02B00D62313 /* Info.plist */ = {isa = PBXFileReference; lastKnownFileType = text.plist.xml; path = Info.plist; sourceTree = "<group>"; };
		793261BB1AD2F02C00D62313 /* AppDelegate.swift */ = {isa = PBXFileReference; lastKnownFileType = sourcecode.swift; path = AppDelegate.swift; sourceTree = "<group>"; };
		793261BD1AD2F02D00D62313 /* Images.xcassets */ = {isa = PBXFileReference; lastKnownFileType = folder.assetcatalog; path = Images.xcassets; sourceTree = "<group>"; };
		793261C61AD2F02E00D62313 /* FastCaptureTests.xctest */ = {isa = PBXFileReference; explicitFileType = wrapper.cfbundle; includeInIndex = 0; path = FastCaptureTests.xctest; sourceTree = BUILT_PRODUCTS_DIR; };
		793261CB1AD2F02F00D62313 /* Info.plist */ = {isa = PBXFileReference; lastKnownFileType = text.plist.xml; path = Info.plist; sourceTree = "<group>"; };
		793261CC1AD2F03000D62313 /* FastCaptureTests.swift */ = {isa = PBXFileReference; lastKnownFileType = sourcecode.swift; path = FastCaptureTests.swift; sourceTree = "<group>"; };
		793261D91AD2F0C100D62313 /* ScreenCapture.swift */ = {isa = PBXFileReference; fileEncoding = 4; lastKnownFileType = sourcecode.swift; path = ScreenCapture.swift; sourceTree = "<group>"; };
		793261DA1AD2F0C100D62313 /* User.swift */ = {isa = PBXFileReference; fileEncoding = 4; lastKnownFileType = sourcecode.swift; path = User.swift; sourceTree = "<group>"; };
		793261EB1AD2F12000D62313 /* UserDefaults.plist */ = {isa = PBXFileReference; fileEncoding = 4; lastKnownFileType = text.plist.xml; path = UserDefaults.plist; sourceTree = "<group>"; };
		793261F11AD2F19200D62313 /* FastCapture-Bridging-Header.h */ = {isa = PBXFileReference; lastKnownFileType = sourcecode.c.h; path = "FastCapture-Bridging-Header.h"; sourceTree = "<group>"; };
		7960179E1AF43227001734C6 /* DummyControl.swift */ = {isa = PBXFileReference; fileEncoding = 4; lastKnownFileType = sourcecode.swift; path = DummyControl.swift; sourceTree = "<group>"; };
		796017A01AF432F4001734C6 /* PanelViewController.swift */ = {isa = PBXFileReference; fileEncoding = 4; lastKnownFileType = sourcecode.swift; path = PanelViewController.swift; sourceTree = "<group>"; };
		796017A21AF43788001734C6 /* MainMenu.xib */ = {isa = PBXFileReference; fileEncoding = 4; lastKnownFileType = file.xib; path = MainMenu.xib; sourceTree = "<group>"; };
		796CE4631B27716900B90A79 /* FastCapture UI Tests.xctest */ = {isa = PBXFileReference; explicitFileType = wrapper.cfbundle; includeInIndex = 0; path = "FastCapture UI Tests.xctest"; sourceTree = BUILT_PRODUCTS_DIR; };
		796CE46D1B27720000B90A79 /* PanelView.swift */ = {isa = PBXFileReference; fileEncoding = 4; lastKnownFileType = sourcecode.swift; path = PanelView.swift; sourceTree = "<group>"; };
		798A35F21B1BD43900D71A86 /* AlbumListViewController.swift */ = {isa = PBXFileReference; fileEncoding = 4; lastKnownFileType = sourcecode.swift; path = AlbumListViewController.swift; sourceTree = "<group>"; };
		868F9CBD953A3D011E393F4D /* libPods.a */ = {isa = PBXFileReference; explicitFileType = archive.ar; includeInIndex = 0; path = libPods.a; sourceTree = BUILT_PRODUCTS_DIR; };
		8CE84CC38DCE99104B21554A /* Pods.debug.xcconfig */ = {isa = PBXFileReference; includeInIndex = 1; lastKnownFileType = text.xcconfig; name = Pods.debug.xcconfig; path = "Pods/Target Support Files/Pods/Pods.debug.xcconfig"; sourceTree = "<group>"; };
		B28DD3729FB321E85FAEBA13 /* Pods.release.xcconfig */ = {isa = PBXFileReference; includeInIndex = 1; lastKnownFileType = text.xcconfig; name = Pods.release.xcconfig; path = "Pods/Target Support Files/Pods/Pods.release.xcconfig"; sourceTree = "<group>"; };
/* End PBXFileReference section */

/* Begin PBXFrameworksBuildPhase section */
		793261B31AD2F02A00D62313 /* Frameworks */ = {
			isa = PBXFrameworksBuildPhase;
			buildActionMask = 2147483647;
			files = (
				26A1034FC46574020FA021BA /* libPods.a in Frameworks */,
			);
			runOnlyForDeploymentPostprocessing = 0;
		};
		793261C31AD2F02E00D62313 /* Frameworks */ = {
			isa = PBXFrameworksBuildPhase;
			buildActionMask = 2147483647;
			files = (
			);
			runOnlyForDeploymentPostprocessing = 0;
		};
		796CE4601B27716900B90A79 /* Frameworks */ = {
			isa = PBXFrameworksBuildPhase;
			buildActionMask = 2147483647;
			files = (
			);
			runOnlyForDeploymentPostprocessing = 0;
		};
/* End PBXFrameworksBuildPhase section */

/* Begin PBXGroup section */
		4FBF27D00B4E8A383E880D84 /* Frameworks */ = {
			isa = PBXGroup;
			children = (
				868F9CBD953A3D011E393F4D /* libPods.a */,
			);
			name = Frameworks;
			sourceTree = "<group>";
		};
		793261AD1AD2F02900D62313 = {
			isa = PBXGroup;
			children = (
				793261B81AD2F02A00D62313 /* FastCapture */,
				793261C91AD2F02E00D62313 /* FastCaptureTests */,
				793261B71AD2F02A00D62313 /* Products */,
				BD16A534F511EF379E71BFA7 /* Pods */,
				4FBF27D00B4E8A383E880D84 /* Frameworks */,
			);
			sourceTree = "<group>";
		};
		793261B71AD2F02A00D62313 /* Products */ = {
			isa = PBXGroup;
			children = (
				793261B61AD2F02A00D62313 /* FastCapture.app */,
				793261C61AD2F02E00D62313 /* FastCaptureTests.xctest */,
				796CE4631B27716900B90A79 /* FastCapture UI Tests.xctest */,
			);
			name = Products;
			sourceTree = "<group>";
		};
		793261B81AD2F02A00D62313 /* FastCapture */ = {
			isa = PBXGroup;
			children = (
				793261BB1AD2F02C00D62313 /* AppDelegate.swift */,
				793261D81AD2F0A200D62313 /* Model */,
				793261E61AD2F0FF00D62313 /* Controllers */,
				793261DD1AD2F0DC00D62313 /* Views */,
				7981EC6C1ADDAD3700D18429 /* Resources */,
				793261B91AD2F02B00D62313 /* Supporting Files */,
				793261F11AD2F19200D62313 /* FastCapture-Bridging-Header.h */,
				793261BD1AD2F02D00D62313 /* Images.xcassets */,
			);
			path = FastCapture;
			sourceTree = "<group>";
		};
		793261B91AD2F02B00D62313 /* Supporting Files */ = {
			isa = PBXGroup;
			children = (
				796017A21AF43788001734C6 /* MainMenu.xib */,
				793261EB1AD2F12000D62313 /* UserDefaults.plist */,
				793261BA1AD2F02B00D62313 /* Info.plist */,
				79281D641AE7C6B000B4FD34 /* Keys.plist */,
			);
			name = "Supporting Files";
			sourceTree = "<group>";
		};
		793261C91AD2F02E00D62313 /* FastCaptureTests */ = {
			isa = PBXGroup;
			children = (
				793261CC1AD2F03000D62313 /* FastCaptureTests.swift */,
				793261CA1AD2F02F00D62313 /* Supporting Files */,
			);
			path = FastCaptureTests;
			sourceTree = "<group>";
		};
		793261CA1AD2F02F00D62313 /* Supporting Files */ = {
			isa = PBXGroup;
			children = (
				793261CB1AD2F02F00D62313 /* Info.plist */,
			);
			name = "Supporting Files";
			sourceTree = "<group>";
		};
		793261D81AD2F0A200D62313 /* Model */ = {
			isa = PBXGroup;
			children = (
				793261DA1AD2F0C100D62313 /* User.swift */,
			);
			name = Model;
			sourceTree = "<group>";
		};
		793261DD1AD2F0DC00D62313 /* Views */ = {
			isa = PBXGroup;
			children = (
				796CE46D1B27720000B90A79 /* PanelView.swift */,
			);
			name = Views;
			sourceTree = "<group>";
		};
		793261E61AD2F0FF00D62313 /* Controllers */ = {
			isa = PBXGroup;
			children = (
				796017A01AF432F4001734C6 /* PanelViewController.swift */,
				798A35F21B1BD43900D71A86 /* AlbumListViewController.swift */,
				7960179E1AF43227001734C6 /* DummyControl.swift */,
			);
			name = Controllers;
			sourceTree = "<group>";
		};
		7981EC6C1ADDAD3700D18429 /* Resources */ = {
			isa = PBXGroup;
			children = (
				793261D91AD2F0C100D62313 /* ScreenCapture.swift */,
				791354041AE56926003F2523 /* DirectoryManager.swift */,
				79281D661AE7C88500B4FD34 /* Keys.swift */,
			);
			name = Resources;
			sourceTree = "<group>";
		};
		BD16A534F511EF379E71BFA7 /* Pods */ = {
			isa = PBXGroup;
			children = (
				8CE84CC38DCE99104B21554A /* Pods.debug.xcconfig */,
				B28DD3729FB321E85FAEBA13 /* Pods.release.xcconfig */,
			);
			name = Pods;
			sourceTree = "<group>";
		};
/* End PBXGroup section */

/* Begin PBXNativeTarget section */
		793261B51AD2F02A00D62313 /* FastCapture */ = {
			isa = PBXNativeTarget;
			buildConfigurationList = 793261D01AD2F03000D62313 /* Build configuration list for PBXNativeTarget "FastCapture" */;
			buildPhases = (
				C9409D531DB407B4FF1B1178 /* Check Pods Manifest.lock */,
				793261B21AD2F02A00D62313 /* Sources */,
				793261B31AD2F02A00D62313 /* Frameworks */,
				793261B41AD2F02A00D62313 /* Resources */,
				9CD795ECE7AF5EFA06401CC6 /* Copy Pods Resources */,
			);
			buildRules = (
			);
			dependencies = (
			);
			name = FastCapture;
			productName = FastCapture;
			productReference = 793261B61AD2F02A00D62313 /* FastCapture.app */;
			productType = "com.apple.product-type.application";
		};
		793261C51AD2F02E00D62313 /* FastCaptureTests */ = {
			isa = PBXNativeTarget;
			buildConfigurationList = 793261D31AD2F03000D62313 /* Build configuration list for PBXNativeTarget "FastCaptureTests" */;
			buildPhases = (
				793261C21AD2F02E00D62313 /* Sources */,
				793261C31AD2F02E00D62313 /* Frameworks */,
				793261C41AD2F02E00D62313 /* Resources */,
			);
			buildRules = (
			);
			dependencies = (
				793261C81AD2F02E00D62313 /* PBXTargetDependency */,
			);
			name = FastCaptureTests;
			productName = FastCaptureTests;
			productReference = 793261C61AD2F02E00D62313 /* FastCaptureTests.xctest */;
			productType = "com.apple.product-type.bundle.unit-test";
		};
		796CE4621B27716900B90A79 /* FastCapture UI Tests */ = {
			isa = PBXNativeTarget;
			buildConfigurationList = 796CE46C1B27716900B90A79 /* Build configuration list for PBXNativeTarget "FastCapture UI Tests" */;
			buildPhases = (
				796CE45F1B27716900B90A79 /* Sources */,
				796CE4601B27716900B90A79 /* Frameworks */,
				796CE4611B27716900B90A79 /* Resources */,
			);
			buildRules = (
			);
			dependencies = (
				796CE4691B27716900B90A79 /* PBXTargetDependency */,
			);
			name = "FastCapture UI Tests";
			productName = "FastCapture UI Tests";
			productReference = 796CE4631B27716900B90A79 /* FastCapture UI Tests.xctest */;
			productType = "com.apple.product-type.bundle.ui-testing";
		};
/* End PBXNativeTarget section */

/* Begin PBXProject section */
		793261AE1AD2F02900D62313 /* Project object */ = {
			isa = PBXProject;
			attributes = {
				LastSwiftUpdateCheck = 0700;
				LastUpgradeCheck = 0700;
				ORGANIZATIONNAME = "Francisco Gonçalves";
				TargetAttributes = {
					793261B51AD2F02A00D62313 = {
						CreatedOnToolsVersion = 6.3;
					};
					793261C51AD2F02E00D62313 = {
						CreatedOnToolsVersion = 6.3;
						TestTargetID = 793261B51AD2F02A00D62313;
					};
					796CE4621B27716900B90A79 = {
						CreatedOnToolsVersion = 7.0;
						TestTargetID = 793261B51AD2F02A00D62313;
					};
				};
			};
			buildConfigurationList = 793261B11AD2F02900D62313 /* Build configuration list for PBXProject "FastCapture" */;
			compatibilityVersion = "Xcode 3.2";
			developmentRegion = English;
			hasScannedForEncodings = 0;
			knownRegions = (
				en,
				Base,
			);
			mainGroup = 793261AD1AD2F02900D62313;
			productRefGroup = 793261B71AD2F02A00D62313 /* Products */;
			projectDirPath = "";
			projectRoot = "";
			targets = (
				793261B51AD2F02A00D62313 /* FastCapture */,
				793261C51AD2F02E00D62313 /* FastCaptureTests */,
				796CE4621B27716900B90A79 /* FastCapture UI Tests */,
			);
		};
/* End PBXProject section */

/* Begin PBXResourcesBuildPhase section */
		793261B41AD2F02A00D62313 /* Resources */ = {
			isa = PBXResourcesBuildPhase;
			buildActionMask = 2147483647;
			files = (
				793261BE1AD2F02D00D62313 /* Images.xcassets in Resources */,
				793261EC1AD2F12000D62313 /* UserDefaults.plist in Resources */,
				79281D651AE7C6B000B4FD34 /* Keys.plist in Resources */,
				796017A31AF43788001734C6 /* MainMenu.xib in Resources */,
			);
			runOnlyForDeploymentPostprocessing = 0;
		};
		793261C41AD2F02E00D62313 /* Resources */ = {
			isa = PBXResourcesBuildPhase;
			buildActionMask = 2147483647;
			files = (
			);
			runOnlyForDeploymentPostprocessing = 0;
		};
		796CE4611B27716900B90A79 /* Resources */ = {
			isa = PBXResourcesBuildPhase;
			buildActionMask = 2147483647;
			files = (
			);
			runOnlyForDeploymentPostprocessing = 0;
		};
/* End PBXResourcesBuildPhase section */

/* Begin PBXShellScriptBuildPhase section */
		9CD795ECE7AF5EFA06401CC6 /* Copy Pods Resources */ = {
			isa = PBXShellScriptBuildPhase;
			buildActionMask = 2147483647;
			files = (
			);
			inputPaths = (
			);
			name = "Copy Pods Resources";
			outputPaths = (
			);
			runOnlyForDeploymentPostprocessing = 0;
			shellPath = /bin/sh;
			shellScript = "\"${SRCROOT}/Pods/Target Support Files/Pods/Pods-resources.sh\"\n";
			showEnvVarsInLog = 0;
		};
		C9409D531DB407B4FF1B1178 /* Check Pods Manifest.lock */ = {
			isa = PBXShellScriptBuildPhase;
			buildActionMask = 2147483647;
			files = (
			);
			inputPaths = (
			);
			name = "Check Pods Manifest.lock";
			outputPaths = (
			);
			runOnlyForDeploymentPostprocessing = 0;
			shellPath = /bin/sh;
			shellScript = "diff \"${PODS_ROOT}/../Podfile.lock\" \"${PODS_ROOT}/Manifest.lock\" > /dev/null\nif [[ $? != 0 ]] ; then\n    cat << EOM\nerror: The sandbox is not in sync with the Podfile.lock. Run 'pod install' or update your CocoaPods installation.\nEOM\n    exit 1\nfi\n";
			showEnvVarsInLog = 0;
		};
/* End PBXShellScriptBuildPhase section */

/* Begin PBXSourcesBuildPhase section */
		793261B21AD2F02A00D62313 /* Sources */ = {
			isa = PBXSourcesBuildPhase;
			buildActionMask = 2147483647;
			files = (
				793261DB1AD2F0C100D62313 /* ScreenCapture.swift in Sources */,
				791354051AE56926003F2523 /* DirectoryManager.swift in Sources */,
				7960179F1AF43227001734C6 /* DummyControl.swift in Sources */,
				796CE46E1B27720000B90A79 /* PanelView.swift in Sources */,
				798A35F31B1BD43900D71A86 /* AlbumListViewController.swift in Sources */,
				793261BC1AD2F02C00D62313 /* AppDelegate.swift in Sources */,
				793261DC1AD2F0C100D62313 /* User.swift in Sources */,
				79281D671AE7C88500B4FD34 /* Keys.swift in Sources */,
				796017A11AF432F4001734C6 /* PanelViewController.swift in Sources */,
			);
			runOnlyForDeploymentPostprocessing = 0;
		};
		793261C21AD2F02E00D62313 /* Sources */ = {
			isa = PBXSourcesBuildPhase;
			buildActionMask = 2147483647;
			files = (
				793261CD1AD2F03000D62313 /* FastCaptureTests.swift in Sources */,
			);
			runOnlyForDeploymentPostprocessing = 0;
		};
		796CE45F1B27716900B90A79 /* Sources */ = {
			isa = PBXSourcesBuildPhase;
			buildActionMask = 2147483647;
			files = (
			);
			runOnlyForDeploymentPostprocessing = 0;
		};
/* End PBXSourcesBuildPhase section */

/* Begin PBXTargetDependency section */
		793261C81AD2F02E00D62313 /* PBXTargetDependency */ = {
			isa = PBXTargetDependency;
			target = 793261B51AD2F02A00D62313 /* FastCapture */;
			targetProxy = 793261C71AD2F02E00D62313 /* PBXContainerItemProxy */;
		};
		796CE4691B27716900B90A79 /* PBXTargetDependency */ = {
			isa = PBXTargetDependency;
			target = 793261B51AD2F02A00D62313 /* FastCapture */;
			targetProxy = 796CE4681B27716900B90A79 /* PBXContainerItemProxy */;
		};
/* End PBXTargetDependency section */

/* Begin XCBuildConfiguration section */
		793261CE1AD2F03000D62313 /* Debug */ = {
			isa = XCBuildConfiguration;
			buildSettings = {
				ALWAYS_SEARCH_USER_PATHS = NO;
				CLANG_CXX_LANGUAGE_STANDARD = "gnu++0x";
				CLANG_CXX_LIBRARY = "libc++";
				CLANG_ENABLE_MODULES = YES;
				CLANG_ENABLE_OBJC_ARC = YES;
				CLANG_WARN_BOOL_CONVERSION = YES;
				CLANG_WARN_CONSTANT_CONVERSION = YES;
				CLANG_WARN_DIRECT_OBJC_ISA_USAGE = YES_ERROR;
				CLANG_WARN_EMPTY_BODY = YES;
				CLANG_WARN_ENUM_CONVERSION = YES;
				CLANG_WARN_INT_CONVERSION = YES;
				CLANG_WARN_OBJC_ROOT_CLASS = YES_ERROR;
				CLANG_WARN_UNREACHABLE_CODE = YES;
				CLANG_WARN__DUPLICATE_METHOD_MATCH = YES;
				CODE_SIGN_IDENTITY = "-";
				COPY_PHASE_STRIP = NO;
				DEBUG_INFORMATION_FORMAT = dwarf;
				ENABLE_STRICT_OBJC_MSGSEND = YES;
				ENABLE_TESTABILITY = YES;
				GCC_C_LANGUAGE_STANDARD = gnu99;
				GCC_DYNAMIC_NO_PIC = NO;
				GCC_NO_COMMON_BLOCKS = YES;
				GCC_OPTIMIZATION_LEVEL = 0;
				GCC_PREPROCESSOR_DEFINITIONS = (
					"DEBUG=1",
					"$(inherited)",
				);
				GCC_SYMBOLS_PRIVATE_EXTERN = NO;
				GCC_WARN_64_TO_32_BIT_CONVERSION = YES;
				GCC_WARN_ABOUT_RETURN_TYPE = YES_ERROR;
				GCC_WARN_UNDECLARED_SELECTOR = YES;
				GCC_WARN_UNINITIALIZED_AUTOS = YES_AGGRESSIVE;
				GCC_WARN_UNUSED_FUNCTION = YES;
				GCC_WARN_UNUSED_VARIABLE = YES;
				MACOSX_DEPLOYMENT_TARGET = 10.10;
				MTL_ENABLE_DEBUG_INFO = YES;
				ONLY_ACTIVE_ARCH = YES;
				SDKROOT = macosx;
				SWIFT_OPTIMIZATION_LEVEL = "-Onone";
			};
			name = Debug;
		};
		793261CF1AD2F03000D62313 /* Release */ = {
			isa = XCBuildConfiguration;
			buildSettings = {
				ALWAYS_SEARCH_USER_PATHS = NO;
				CLANG_CXX_LANGUAGE_STANDARD = "gnu++0x";
				CLANG_CXX_LIBRARY = "libc++";
				CLANG_ENABLE_MODULES = YES;
				CLANG_ENABLE_OBJC_ARC = YES;
				CLANG_WARN_BOOL_CONVERSION = YES;
				CLANG_WARN_CONSTANT_CONVERSION = YES;
				CLANG_WARN_DIRECT_OBJC_ISA_USAGE = YES_ERROR;
				CLANG_WARN_EMPTY_BODY = YES;
				CLANG_WARN_ENUM_CONVERSION = YES;
				CLANG_WARN_INT_CONVERSION = YES;
				CLANG_WARN_OBJC_ROOT_CLASS = YES_ERROR;
				CLANG_WARN_UNREACHABLE_CODE = YES;
				CLANG_WARN__DUPLICATE_METHOD_MATCH = YES;
				CODE_SIGN_IDENTITY = "-";
				COPY_PHASE_STRIP = NO;
				DEBUG_INFORMATION_FORMAT = "dwarf-with-dsym";
				ENABLE_NS_ASSERTIONS = NO;
				ENABLE_STRICT_OBJC_MSGSEND = YES;
				GCC_C_LANGUAGE_STANDARD = gnu99;
				GCC_NO_COMMON_BLOCKS = YES;
				GCC_WARN_64_TO_32_BIT_CONVERSION = YES;
				GCC_WARN_ABOUT_RETURN_TYPE = YES_ERROR;
				GCC_WARN_UNDECLARED_SELECTOR = YES;
				GCC_WARN_UNINITIALIZED_AUTOS = YES_AGGRESSIVE;
				GCC_WARN_UNUSED_FUNCTION = YES;
				GCC_WARN_UNUSED_VARIABLE = YES;
				MACOSX_DEPLOYMENT_TARGET = 10.10;
				MTL_ENABLE_DEBUG_INFO = NO;
				SDKROOT = macosx;
			};
			name = Release;
		};
		793261D11AD2F03000D62313 /* Debug */ = {
			isa = XCBuildConfiguration;
			baseConfigurationReference = 8CE84CC38DCE99104B21554A /* Pods.debug.xcconfig */;
			buildSettings = {
				ASSETCATALOG_COMPILER_APPICON_NAME = AppIcon;
				CLANG_ENABLE_MODULES = YES;
				COMBINE_HIDPI_IMAGES = YES;
				FRAMEWORK_SEARCH_PATHS = (
					"$(inherited)",
					"$(PROJECT_DIR)/FastCapture",
				);
				INFOPLIST_FILE = FastCapture/Info.plist;
				LD_RUNPATH_SEARCH_PATHS = "$(inherited) @executable_path/../Frameworks";
				PRODUCT_BUNDLE_IDENTIFIER = "me.franciscogoncalves.$(PRODUCT_NAME:rfc1034identifier)";
				PRODUCT_NAME = "$(TARGET_NAME)";
				SWIFT_OBJC_BRIDGING_HEADER = "FastCapture/FastCapture-Bridging-Header.h";
				SWIFT_OPTIMIZATION_LEVEL = "-Onone";
			};
			name = Debug;
		};
		793261D21AD2F03000D62313 /* Release */ = {
			isa = XCBuildConfiguration;
			baseConfigurationReference = B28DD3729FB321E85FAEBA13 /* Pods.release.xcconfig */;
			buildSettings = {
				ASSETCATALOG_COMPILER_APPICON_NAME = AppIcon;
				CLANG_ENABLE_MODULES = YES;
				COMBINE_HIDPI_IMAGES = YES;
				FRAMEWORK_SEARCH_PATHS = (
					"$(inherited)",
					"$(PROJECT_DIR)/FastCapture",
				);
				INFOPLIST_FILE = FastCapture/Info.plist;
				LD_RUNPATH_SEARCH_PATHS = "$(inherited) @executable_path/../Frameworks";
				PRODUCT_BUNDLE_IDENTIFIER = "me.franciscogoncalves.$(PRODUCT_NAME:rfc1034identifier)";
				PRODUCT_NAME = "$(TARGET_NAME)";
				SWIFT_OBJC_BRIDGING_HEADER = "FastCapture/FastCapture-Bridging-Header.h";
			};
			name = Release;
		};
		793261D41AD2F03000D62313 /* Debug */ = {
			isa = XCBuildConfiguration;
			buildSettings = {
				BUNDLE_LOADER = "$(TEST_HOST)";
				COMBINE_HIDPI_IMAGES = YES;
				FRAMEWORK_SEARCH_PATHS = (
					"$(DEVELOPER_FRAMEWORKS_DIR)",
					"$(inherited)",
				);
				GCC_PREPROCESSOR_DEFINITIONS = (
					"DEBUG=1",
					"$(inherited)",
				);
				INFOPLIST_FILE = FastCaptureTests/Info.plist;
				LD_RUNPATH_SEARCH_PATHS = "$(inherited) @executable_path/../Frameworks @loader_path/../Frameworks";
				PRODUCT_BUNDLE_IDENTIFIER = "me.franciscogoncalves.$(PRODUCT_NAME:rfc1034identifier)";
				PRODUCT_NAME = "$(TARGET_NAME)";
				TEST_HOST = "$(BUILT_PRODUCTS_DIR)/FastCapture.app/Contents/MacOS/FastCapture";
			};
			name = Debug;
		};
		793261D51AD2F03000D62313 /* Release */ = {
			isa = XCBuildConfiguration;
			buildSettings = {
				BUNDLE_LOADER = "$(TEST_HOST)";
				COMBINE_HIDPI_IMAGES = YES;
				FRAMEWORK_SEARCH_PATHS = (
					"$(DEVELOPER_FRAMEWORKS_DIR)",
					"$(inherited)",
				);
				INFOPLIST_FILE = FastCaptureTests/Info.plist;
				LD_RUNPATH_SEARCH_PATHS = "$(inherited) @executable_path/../Frameworks @loader_path/../Frameworks";
				PRODUCT_BUNDLE_IDENTIFIER = "me.franciscogoncalves.$(PRODUCT_NAME:rfc1034identifier)";
				PRODUCT_NAME = "$(TARGET_NAME)";
				TEST_HOST = "$(BUILT_PRODUCTS_DIR)/FastCapture.app/Contents/MacOS/FastCapture";
			};
			name = Release;
		};
		796CE46A1B27716900B90A79 /* Debug */ = {
			isa = XCBuildConfiguration;
			buildSettings = {
				COMBINE_HIDPI_IMAGES = YES;
				INFOPLIST_FILE = "FastCapture UI Tests/Info.plist";
				LD_RUNPATH_SEARCH_PATHS = "$(inherited) @executable_path/../Frameworks @loader_path/../Frameworks";
				PRODUCT_BUNDLE_IDENTIFIER = "com.franciscocsg.FastCapture-UI-Tests";
				PRODUCT_NAME = "$(TARGET_NAME)";
				TEST_TARGET_NAME = FastCapture;
				USES_XCTRUNNER = YES;
			};
			name = Debug;
		};
		796CE46B1B27716900B90A79 /* Release */ = {
			isa = XCBuildConfiguration;
			buildSettings = {
				COMBINE_HIDPI_IMAGES = YES;
				INFOPLIST_FILE = "FastCapture UI Tests/Info.plist";
				LD_RUNPATH_SEARCH_PATHS = "$(inherited) @executable_path/../Frameworks @loader_path/../Frameworks";
				PRODUCT_BUNDLE_IDENTIFIER = "com.franciscocsg.FastCapture-UI-Tests";
				PRODUCT_NAME = "$(TARGET_NAME)";
				TEST_TARGET_NAME = FastCapture;
				USES_XCTRUNNER = YES;
			};
			name = Release;
		};
/* End XCBuildConfiguration section */

/* Begin XCConfigurationList section */
		793261B11AD2F02900D62313 /* Build configuration list for PBXProject "FastCapture" */ = {
			isa = XCConfigurationList;
			buildConfigurations = (
				793261CE1AD2F03000D62313 /* Debug */,
				793261CF1AD2F03000D62313 /* Release */,
			);
			defaultConfigurationIsVisible = 0;
			defaultConfigurationName = Release;
		};
		793261D01AD2F03000D62313 /* Build configuration list for PBXNativeTarget "FastCapture" */ = {
			isa = XCConfigurationList;
			buildConfigurations = (
				793261D11AD2F03000D62313 /* Debug */,
				793261D21AD2F03000D62313 /* Release */,
			);
			defaultConfigurationIsVisible = 0;
			defaultConfigurationName = Release;
		};
		793261D31AD2F03000D62313 /* Build configuration list for PBXNativeTarget "FastCaptureTests" */ = {
			isa = XCConfigurationList;
			buildConfigurations = (
				793261D41AD2F03000D62313 /* Debug */,
				793261D51AD2F03000D62313 /* Release */,
			);
			defaultConfigurationIsVisible = 0;
			defaultConfigurationName = Release;
		};
		796CE46C1B27716900B90A79 /* Build configuration list for PBXNativeTarget "FastCapture UI Tests" */ = {
			isa = XCConfigurationList;
			buildConfigurations = (
				796CE46A1B27716900B90A79 /* Debug */,
				796CE46B1B27716900B90A79 /* Release */,
			);
			defaultConfigurationIsVisible = 0;
		};
/* End XCConfigurationList section */
	};
	rootObject = 793261AE1AD2F02900D62313 /* Project object */;
}
